
Microsoft Visual Studio Solution File, Format Version 12.00
# Visual Studio Version 17
VisualStudioVersion = 17.0.31903.59
MinimumVisualStudioVersion = 10.0.40219.1
Project("{FAE04EC0-301F-11D3-BF4B-00C04F79EFBC}") = "MyclassLibrary", "MyclassLibrary\MyclassLibrary.csproj", "{3E246FB0-BB64-405A-A749-D486CE5E2A4F}"
EndProject
Project("{FAE04EC0-301F-11D3-BF4B-00C04F79EFBC}") = "TestApi", "TestApi\TestApi.csproj", "{8CF8B916-A85D-4E47-8A51-6ADD11BD92BD}"
EndProject
Global
	GlobalSection(SolutionConfigurationPlatforms) = preSolution
		Debug|Any CPU = Debug|Any CPU
		Release|Any CPU = Release|Any CPU
	EndGlobalSection
	GlobalSection(SolutionProperties) = preSolution
		HideSolutionNode = FALSE
	EndGlobalSection
	GlobalSection(ProjectConfigurationPlatforms) = postSolution
		{3E246FB0-BB64-405A-A749-D486CE5E2A4F}.Debug|Any CPU.ActiveCfg = Debug|Any CPU
		{3E246FB0-BB64-405A-A749-D486CE5E2A4F}.Debug|Any CPU.Build.0 = Debug|Any CPU
		{3E246FB0-BB64-405A-A749-D486CE5E2A4F}.Release|Any CPU.ActiveCfg = Release|Any CPU
		{3E246FB0-BB64-405A-A749-D486CE5E2A4F}.Release|Any CPU.Build.0 = Release|Any CPU
		{8CF8B916-A85D-4E47-8A51-6ADD11BD92BD}.Debug|Any CPU.ActiveCfg = Debug|Any CPU
		{8CF8B916-A85D-4E47-8A51-6ADD11BD92BD}.Debug|Any CPU.Build.0 = Debug|Any CPU
		{8CF8B916-A85D-4E47-8A51-6ADD11BD92BD}.Release|Any CPU.ActiveCfg = Release|Any CPU
		{8CF8B916-A85D-4E47-8A51-6ADD11BD92BD}.Release|Any CPU.Build.0 = Release|Any CPU
	EndGlobalSection
EndGlobal
